
Microsoft Visual Studio Solution File, Format Version 12.00
# Visual Studio Version 16
VisualStudioVersion = 16.0.30406.217
MinimumVisualStudioVersion = 10.0.40219.1
Project("{FAE04EC0-301F-11D3-BF4B-00C04F79EFBC}") = "KamaliProject", "KamaliProject\KamaliProject.csproj", "{2DEF76FB-86DB-4AA2-BF16-729F7C7E2AF6}"
EndProject
Global
	GlobalSection(SolutionConfigurationPlatforms) = preSolution
		Debug|Any CPU = Debug|Any CPU
		Release|Any CPU = Release|Any CPU
	EndGlobalSection
	GlobalSection(ProjectConfigurationPlatforms) = postSolution
		{2DEF76FB-86DB-4AA2-BF16-729F7C7E2AF6}.Debug|Any CPU.ActiveCfg = Debug|Any CPU
		{2DEF76FB-86DB-4AA2-BF16-729F7C7E2AF6}.Debug|Any CPU.Build.0 = Debug|Any CPU
		{2DEF76FB-86DB-4AA2-BF16-729F7C7E2AF6}.Release|Any CPU.ActiveCfg = Release|Any CPU
		{2DEF76FB-86DB-4AA2-BF16-729F7C7E2AF6}.Release|Any CPU.Build.0 = Release|Any CPU
	EndGlobalSection
	GlobalSection(SolutionProperties) = preSolution
		HideSolutionNode = FALSE
	EndGlobalSection
	GlobalSection(ExtensibilityGlobals) = postSolution
		SolutionGuid = {5A5511FF-57E0-4A2C-A7E4-EFB9A8E001AA}
	EndGlobalSection
EndGlobal
